
Microsoft Visual Studio Solution File, Format Version 12.00
# Visual Studio Version 17
VisualStudioVersion = 17.11.35327.3
MinimumVisualStudioVersion = 10.0.40219.1
Project("{9A19103F-16F7-4668-BE54-9A1E7A4F7556}") = "BowlingGame", "BowlingGame\BowlingGame.csproj", "{C85E7A84-31BB-4BF0-9FE3-7BA9849DA0D5}"
EndProject
Project("{9A19103F-16F7-4668-BE54-9A1E7A4F7556}") = "Samples", "Samples\Samples.csproj", "{659717CA-38A3-4CE2-BB32-18142E4C5373}"
EndProject
Project("{9A19103F-16F7-4668-BE54-9A1E7A4F7556}") = "TagsCloudVisualization", "TagsCloudVisualization\TagsCloudVisualization.csproj", "{1E0AAECB-7355-4B9F-95FB-11961EE556E7}"
EndProject
Global
	GlobalSection(SolutionConfigurationPlatforms) = preSolution
		Debug|Any CPU = Debug|Any CPU
		Release|Any CPU = Release|Any CPU
	EndGlobalSection
	GlobalSection(ProjectConfigurationPlatforms) = postSolution
		{C85E7A84-31BB-4BF0-9FE3-7BA9849DA0D5}.Debug|Any CPU.ActiveCfg = Debug|Any CPU
		{C85E7A84-31BB-4BF0-9FE3-7BA9849DA0D5}.Debug|Any CPU.Build.0 = Debug|Any CPU
		{C85E7A84-31BB-4BF0-9FE3-7BA9849DA0D5}.Release|Any CPU.ActiveCfg = Release|Any CPU
		{C85E7A84-31BB-4BF0-9FE3-7BA9849DA0D5}.Release|Any CPU.Build.0 = Release|Any CPU
		{659717CA-38A3-4CE2-BB32-18142E4C5373}.Debug|Any CPU.ActiveCfg = Debug|Any CPU
		{659717CA-38A3-4CE2-BB32-18142E4C5373}.Debug|Any CPU.Build.0 = Debug|Any CPU
		{659717CA-38A3-4CE2-BB32-18142E4C5373}.Release|Any CPU.ActiveCfg = Release|Any CPU
		{659717CA-38A3-4CE2-BB32-18142E4C5373}.Release|Any CPU.Build.0 = Release|Any CPU
		{1E0AAECB-7355-4B9F-95FB-11961EE556E7}.Debug|Any CPU.ActiveCfg = Debug|Any CPU
		{1E0AAECB-7355-4B9F-95FB-11961EE556E7}.Debug|Any CPU.Build.0 = Debug|Any CPU
		{1E0AAECB-7355-4B9F-95FB-11961EE556E7}.Release|Any CPU.ActiveCfg = Release|Any CPU
		{1E0AAECB-7355-4B9F-95FB-11961EE556E7}.Release|Any CPU.Build.0 = Release|Any CPU
	EndGlobalSection
	GlobalSection(SolutionProperties) = preSolution
		HideSolutionNode = FALSE
	EndGlobalSection
	GlobalSection(ExtensibilityGlobals) = postSolution
		SolutionGuid = {EBCD5248-163A-4DB3-9D95-B245CFD2D6FD}
	EndGlobalSection
EndGlobal
